
Microsoft Visual Studio Solution File, Format Version 12.00
# Visual Studio 15
VisualStudioVersion = 15.0.26124.0
MinimumVisualStudioVersion = 15.0.26124.0
Project("{FAE04EC0-301F-11D3-BF4B-00C04F79EFBC}") = "CoronaStats.Api", "CoronaStats.Api\CoronaStats.Api.csproj", "{6124A309-7B22-43AF-95B7-046E306ED38C}"
EndProject
Project("{FAE04EC0-301F-11D3-BF4B-00C04F79EFBC}") = "CoronaStats.Business", "CoronaStats.Business\CoronaStats.Business.csproj", "{1E95373C-6469-4A35-9CD2-ECBC920030C2}"
EndProject
Project("{FAE04EC0-301F-11D3-BF4B-00C04F79EFBC}") = "CoronaStats.Core", "CoronaStats.Core\CoronaStats.Core.csproj", "{4E69A032-B4EE-4B04-837D-7BB7E4425A8A}"
EndProject
Global
	GlobalSection(SolutionConfigurationPlatforms) = preSolution
		Debug|Any CPU = Debug|Any CPU
		Debug|x64 = Debug|x64
		Debug|x86 = Debug|x86
		Release|Any CPU = Release|Any CPU
		Release|x64 = Release|x64
		Release|x86 = Release|x86
	EndGlobalSection
	GlobalSection(SolutionProperties) = preSolution
		HideSolutionNode = FALSE
	EndGlobalSection
	GlobalSection(ProjectConfigurationPlatforms) = postSolution
		{6124A309-7B22-43AF-95B7-046E306ED38C}.Debug|Any CPU.ActiveCfg = Debug|Any CPU
		{6124A309-7B22-43AF-95B7-046E306ED38C}.Debug|Any CPU.Build.0 = Debug|Any CPU
		{6124A309-7B22-43AF-95B7-046E306ED38C}.Debug|x64.ActiveCfg = Debug|Any CPU
		{6124A309-7B22-43AF-95B7-046E306ED38C}.Debug|x64.Build.0 = Debug|Any CPU
		{6124A309-7B22-43AF-95B7-046E306ED38C}.Debug|x86.ActiveCfg = Debug|Any CPU
		{6124A309-7B22-43AF-95B7-046E306ED38C}.Debug|x86.Build.0 = Debug|Any CPU
		{6124A309-7B22-43AF-95B7-046E306ED38C}.Release|Any CPU.ActiveCfg = Release|Any CPU
		{6124A309-7B22-43AF-95B7-046E306ED38C}.Release|Any CPU.Build.0 = Release|Any CPU
		{6124A309-7B22-43AF-95B7-046E306ED38C}.Release|x64.ActiveCfg = Release|Any CPU
		{6124A309-7B22-43AF-95B7-046E306ED38C}.Release|x64.Build.0 = Release|Any CPU
		{6124A309-7B22-43AF-95B7-046E306ED38C}.Release|x86.ActiveCfg = Release|Any CPU
		{6124A309-7B22-43AF-95B7-046E306ED38C}.Release|x86.Build.0 = Release|Any CPU
		{1E95373C-6469-4A35-9CD2-ECBC920030C2}.Debug|Any CPU.ActiveCfg = Debug|Any CPU
		{1E95373C-6469-4A35-9CD2-ECBC920030C2}.Debug|Any CPU.Build.0 = Debug|Any CPU
		{1E95373C-6469-4A35-9CD2-ECBC920030C2}.Debug|x64.ActiveCfg = Debug|Any CPU
		{1E95373C-6469-4A35-9CD2-ECBC920030C2}.Debug|x64.Build.0 = Debug|Any CPU
		{1E95373C-6469-4A35-9CD2-ECBC920030C2}.Debug|x86.ActiveCfg = Debug|Any CPU
		{1E95373C-6469-4A35-9CD2-ECBC920030C2}.Debug|x86.Build.0 = Debug|Any CPU
		{1E95373C-6469-4A35-9CD2-ECBC920030C2}.Release|Any CPU.ActiveCfg = Release|Any CPU
		{1E95373C-6469-4A35-9CD2-ECBC920030C2}.Release|Any CPU.Build.0 = Release|Any CPU
		{1E95373C-6469-4A35-9CD2-ECBC920030C2}.Release|x64.ActiveCfg = Release|Any CPU
		{1E95373C-6469-4A35-9CD2-ECBC920030C2}.Release|x64.Build.0 = Release|Any CPU
		{1E95373C-6469-4A35-9CD2-ECBC920030C2}.Release|x86.ActiveCfg = Release|Any CPU
		{1E95373C-6469-4A35-9CD2-ECBC920030C2}.Release|x86.Build.0 = Release|Any CPU
		{4E69A032-B4EE-4B04-837D-7BB7E4425A8A}.Debug|Any CPU.ActiveCfg = Debug|Any CPU
		{4E69A032-B4EE-4B04-837D-7BB7E4425A8A}.Debug|Any CPU.Build.0 = Debug|Any CPU
		{4E69A032-B4EE-4B04-837D-7BB7E4425A8A}.Debug|x64.ActiveCfg = Debug|Any CPU
		{4E69A032-B4EE-4B04-837D-7BB7E4425A8A}.Debug|x64.Build.0 = Debug|Any CPU
		{4E69A032-B4EE-4B04-837D-7BB7E4425A8A}.Debug|x86.ActiveCfg = Debug|Any CPU
		{4E69A032-B4EE-4B04-837D-7BB7E4425A8A}.Debug|x86.Build.0 = Debug|Any CPU
		{4E69A032-B4EE-4B04-837D-7BB7E4425A8A}.Release|Any CPU.ActiveCfg = Release|Any CPU
		{4E69A032-B4EE-4B04-837D-7BB7E4425A8A}.Release|Any CPU.Build.0 = Release|Any CPU
		{4E69A032-B4EE-4B04-837D-7BB7E4425A8A}.Release|x64.ActiveCfg = Release|Any CPU
		{4E69A032-B4EE-4B04-837D-7BB7E4425A8A}.Release|x64.Build.0 = Release|Any CPU
		{4E69A032-B4EE-4B04-837D-7BB7E4425A8A}.Release|x86.ActiveCfg = Release|Any CPU
		{4E69A032-B4EE-4B04-837D-7BB7E4425A8A}.Release|x86.Build.0 = Release|Any CPU
	EndGlobalSection
EndGlobal
